
Microsoft Visual Studio Solution File, Format Version 12.00
# Visual Studio 15
VisualStudioVersion = 15.0.28307.852
MinimumVisualStudioVersion = 10.0.40219.1
Project("{FAE04EC0-301F-11D3-BF4B-00C04F79EFBC}") = "LibraryDataManager", "LibraryDataManager\LibraryDataManager.csproj", "{A5C98174-7947-4E95-9487-208595DCE2E5}"
EndProject
Global
	GlobalSection(SolutionConfigurationPlatforms) = preSolution
		Debug|Any CPU = Debug|Any CPU
		Release|Any CPU = Release|Any CPU
	EndGlobalSection
	GlobalSection(ProjectConfigurationPlatforms) = postSolution
		{A5C98174-7947-4E95-9487-208595DCE2E5}.Debug|Any CPU.ActiveCfg = Debug|Any CPU
		{A5C98174-7947-4E95-9487-208595DCE2E5}.Debug|Any CPU.Build.0 = Debug|Any CPU
		{A5C98174-7947-4E95-9487-208595DCE2E5}.Release|Any CPU.ActiveCfg = Release|Any CPU
		{A5C98174-7947-4E95-9487-208595DCE2E5}.Release|Any CPU.Build.0 = Release|Any CPU
	EndGlobalSection
	GlobalSection(SolutionProperties) = preSolution
		HideSolutionNode = FALSE
	EndGlobalSection
	GlobalSection(ExtensibilityGlobals) = postSolution
		SolutionGuid = {35BBC6AD-EC14-40FE-83A1-5128C06E38AC}
	EndGlobalSection
EndGlobal
